
Microsoft Visual Studio Solution File, Format Version 12.00
# Visual Studio Version 17
VisualStudioVersion = 17.14.36518.9 d17.14
MinimumVisualStudioVersion = 10.0.40219.1
Project("{FAE04EC0-301F-11D3-BF4B-00C04F79EFBC}") = "MsalDelegatedConsoleSdk", "MsalDelegatedConsoleSdk\MsalDelegatedConsoleSdk.csproj", "{DC5EF6F6-7A3C-490A-945B-1615747CA619}"
EndProject
Global
	GlobalSection(SolutionConfigurationPlatforms) = preSolution
		Debug|Any CPU = Debug|Any CPU
		Release|Any CPU = Release|Any CPU
	EndGlobalSection
	GlobalSection(ProjectConfigurationPlatforms) = postSolution
		{DC5EF6F6-7A3C-490A-945B-1615747CA619}.Debug|Any CPU.ActiveCfg = Debug|Any CPU
		{DC5EF6F6-7A3C-490A-945B-1615747CA619}.Debug|Any CPU.Build.0 = Debug|Any CPU
		{DC5EF6F6-7A3C-490A-945B-1615747CA619}.Release|Any CPU.ActiveCfg = Release|Any CPU
		{DC5EF6F6-7A3C-490A-945B-1615747CA619}.Release|Any CPU.Build.0 = Release|Any CPU
	EndGlobalSection
	GlobalSection(SolutionProperties) = preSolution
		HideSolutionNode = FALSE
	EndGlobalSection
	GlobalSection(ExtensibilityGlobals) = postSolution
		SolutionGuid = {484455D0-975F-47EA-B5E9-90900D7275DD}
	EndGlobalSection
EndGlobal
